[{<<"emysql">>,
  {git,"https://github.com/inaka/Emysql.git",
       {ref,"3ba6e876381525223b557eb6490d0f5dc664b3b8"}},
  0},
 {<<"goldrush">>,
  {git,"git://github.com/DeadZen/goldrush.git",
       {ref,"212299233c7e7eb63a97be2777e1c05ebaa58dbe"}},
  1},
 {<<"lager">>,
  {git,"https://github.com/basho/lager.git",
       {ref,"154dfe673e05864e346d2f2c56a5e11fa2fdcde4"}},
  0},
 {<<"quickrand">>,
  {git,"https://github.com/okeuday/quickrand.git",
       {ref,"75a709de3ccffb0bf53989ccb2e538d230215493"}},
  2},
 {<<"sumo_db">>,
  {git,"https://github.com/inaka/sumo_db.git",
       {ref,"7a670e300595fd9857974f296b22448ca21260d4"}},
  0},
 {<<"uuid">>,
  {git,"https://github.com/okeuday/uuid.git",
       {ref,"b2a42be011400bc182e5b0bb68cdc7e4084d13e7"}},
  1},
 {<<"worker_pool">>,
  {git,"https://github.com/inaka/worker_pool.git",
       {ref,"dc59ce01207582046c70cb3b7f4bede93bf3472e"}},
  1}].
